
Microsoft Visual Studio Solution File, Format Version 12.00
# Visual Studio Version 17
VisualStudioVersion = 17.14.36414.22 d17.14
MinimumVisualStudioVersion = 10.0.40219.1
Project("{FAE04EC0-301F-11D3-BF4B-00C04F79EFBC}") = "CRUDfinal", "CRUDfinal\CRUDfinal.csproj", "{C5ABD172-F3CB-448F-9326-0BB764C89138}"
EndProject
Global
	GlobalSection(SolutionConfigurationPlatforms) = preSolution
		Debug|Any CPU = Debug|Any CPU
		Release|Any CPU = Release|Any CPU
	EndGlobalSection
	GlobalSection(ProjectConfigurationPlatforms) = postSolution
		{C5ABD172-F3CB-448F-9326-0BB764C89138}.Debug|Any CPU.ActiveCfg = Debug|Any CPU
		{C5ABD172-F3CB-448F-9326-0BB764C89138}.Debug|Any CPU.Build.0 = Debug|Any CPU
		{C5ABD172-F3CB-448F-9326-0BB764C89138}.Release|Any CPU.ActiveCfg = Release|Any CPU
		{C5ABD172-F3CB-448F-9326-0BB764C89138}.Release|Any CPU.Build.0 = Release|Any CPU
	EndGlobalSection
	GlobalSection(SolutionProperties) = preSolution
		HideSolutionNode = FALSE
	EndGlobalSection
	GlobalSection(ExtensibilityGlobals) = postSolution
		SolutionGuid = {E14B6612-ECC0-4A4E-A24F-11114ED09ECA}
	EndGlobalSection
EndGlobal
